Microsoft Visual Studio Solution File, Format Version 12.00
# Visual Studio Version 17
VisualStudioVersion = 17.5.2.0
MinimumVisualStudioVersion = 10.0.40219.1
Project("{FAE04EC0-301F-11D3-BF4B-00C04F79EFBC}") = "AutoApp", "AutoApp\AutoApp.csproj", "{8861EC68-AE00-EBC8-667E-20D200685D85}"
EndProject
Project("{FAE04EC0-301F-11D3-BF4B-00C04F79EFBC}") = "HelloApp", "HelloApp\HelloApp.csproj", "{2DE6F97E-3A6F-1720-C887-42E6DEFDB3CC}"
EndProject
Project("{FAE04EC0-301F-11D3-BF4B-00C04F79EFBC}") = "GymApp", "GymApp\GymApp.csproj", "{D65B0510-EE8E-C751-0A78-EC0D5E5D440F}"
EndProject
Project("{FAE04EC0-301F-11D3-BF4B-00C04F79EFBC}") = "Principles", "Principles\Principles.csproj", "{63532B9D-0ABC-40BF-9CEA-4FC04E317FC7}"
EndProject
Project("{FAE04EC0-301F-11D3-BF4B-00C04F79EFBC}") = "SelectiveWasteSystem", "SelectiveWasteSystem\SelectiveWasteSystem.csproj", "{A06F971F-B755-4381-8314-DF9368E24CA3}"
EndProject
Project("{FAE04EC0-301F-11D3-BF4B-00C04F79EFBC}") = "TestProjectRecycleBin", "TestProjectRecycleBin\TestProjectRecycleBin.csproj", "{4E4E5D08-0DB1-4105-9E25-98F0AF15C069}"
EndProject
Global
	GlobalSection(SolutionConfigurationPlatforms) = preSolution
		Debug|Any CPU = Debug|Any CPU
		Release|Any CPU = Release|Any CPU
	EndGlobalSection
	GlobalSection(ProjectConfigurationPlatforms) = postSolution
		{8861EC68-AE00-EBC8-667E-20D200685D85}.Debug|Any CPU.ActiveCfg = Debug|Any CPU
		{8861EC68-AE00-EBC8-667E-20D200685D85}.Debug|Any CPU.Build.0 = Debug|Any CPU
		{8861EC68-AE00-EBC8-667E-20D200685D85}.Release|Any CPU.ActiveCfg = Release|Any CPU
		{8861EC68-AE00-EBC8-667E-20D200685D85}.Release|Any CPU.Build.0 = Release|Any CPU
		{2DE6F97E-3A6F-1720-C887-42E6DEFDB3CC}.Debug|Any CPU.ActiveCfg = Debug|Any CPU
		{2DE6F97E-3A6F-1720-C887-42E6DEFDB3CC}.Debug|Any CPU.Build.0 = Debug|Any CPU
		{2DE6F97E-3A6F-1720-C887-42E6DEFDB3CC}.Release|Any CPU.ActiveCfg = Release|Any CPU
		{2DE6F97E-3A6F-1720-C887-42E6DEFDB3CC}.Release|Any CPU.Build.0 = Release|Any CPU
		{D65B0510-EE8E-C751-0A78-EC0D5E5D440F}.Debug|Any CPU.ActiveCfg = Debug|Any CPU
		{D65B0510-EE8E-C751-0A78-EC0D5E5D440F}.Debug|Any CPU.Build.0 = Debug|Any CPU
		{D65B0510-EE8E-C751-0A78-EC0D5E5D440F}.Release|Any CPU.ActiveCfg = Release|Any CPU
		{D65B0510-EE8E-C751-0A78-EC0D5E5D440F}.Release|Any CPU.Build.0 = Release|Any CPU
		{63532B9D-0ABC-40BF-9CEA-4FC04E317FC7}.Debug|Any CPU.ActiveCfg = Debug|Any CPU
		{63532B9D-0ABC-40BF-9CEA-4FC04E317FC7}.Debug|Any CPU.Build.0 = Debug|Any CPU
		{63532B9D-0ABC-40BF-9CEA-4FC04E317FC7}.Release|Any CPU.ActiveCfg = Release|Any CPU
		{63532B9D-0ABC-40BF-9CEA-4FC04E317FC7}.Release|Any CPU.Build.0 = Release|Any CPU
		{A06F971F-B755-4381-8314-DF9368E24CA3}.Debug|Any CPU.ActiveCfg = Debug|Any CPU
		{A06F971F-B755-4381-8314-DF9368E24CA3}.Debug|Any CPU.Build.0 = Debug|Any CPU
		{A06F971F-B755-4381-8314-DF9368E24CA3}.Release|Any CPU.ActiveCfg = Release|Any CPU
		{A06F971F-B755-4381-8314-DF9368E24CA3}.Release|Any CPU.Build.0 = Release|Any CPU
		{4E4E5D08-0DB1-4105-9E25-98F0AF15C069}.Debug|Any CPU.ActiveCfg = Debug|Any CPU
		{4E4E5D08-0DB1-4105-9E25-98F0AF15C069}.Debug|Any CPU.Build.0 = Debug|Any CPU
		{4E4E5D08-0DB1-4105-9E25-98F0AF15C069}.Release|Any CPU.ActiveCfg = Release|Any CPU
		{4E4E5D08-0DB1-4105-9E25-98F0AF15C069}.Release|Any CPU.Build.0 = Release|Any CPU
	EndGlobalSection
	GlobalSection(SolutionProperties) = preSolution
		HideSolutionNode = FALSE
	EndGlobalSection
	GlobalSection(ExtensibilityGlobals) = postSolution
		SolutionGuid = {ABD6F3FB-F4A3-4674-9B3A-89071FFF3FC5}
	EndGlobalSection
EndGlobal
